
Microsoft Visual Studio Solution File, Format Version 12.00
# Visual Studio 15
VisualStudioVersion = 15.0.27130.2024
MinimumVisualStudioVersion = 10.0.40219.1
Project("{FAE04EC0-301F-11D3-BF4B-00C04F79EFBC}") = "Financial.Api", "FinancialApi\Financial.Api.csproj", "{C5E423ED-5579-4AC6-8F27-669FB311CC46}"
EndProject
Project("{FAE04EC0-301F-11D3-BF4B-00C04F79EFBC}") = "Financial.Domain", "Financial.Identity\Financial.Domain.csproj", "{3575B2D0-EE3A-4341-8439-E7E6FB8A1B93}"
EndProject
Global
	GlobalSection(SolutionConfigurationPlatforms) = preSolution
		Debug|Any CPU = Debug|Any CPU
		Release|Any CPU = Release|Any CPU
	EndGlobalSection
	GlobalSection(ProjectConfigurationPlatforms) = postSolution
		{C5E423ED-5579-4AC6-8F27-669FB311CC46}.Debug|Any CPU.ActiveCfg = Debug|Any CPU
		{C5E423ED-5579-4AC6-8F27-669FB311CC46}.Debug|Any CPU.Build.0 = Debug|Any CPU
		{C5E423ED-5579-4AC6-8F27-669FB311CC46}.Release|Any CPU.ActiveCfg = Release|Any CPU
		{C5E423ED-5579-4AC6-8F27-669FB311CC46}.Release|Any CPU.Build.0 = Release|Any CPU
		{3575B2D0-EE3A-4341-8439-E7E6FB8A1B93}.Debug|Any CPU.ActiveCfg = Debug|Any CPU
		{3575B2D0-EE3A-4341-8439-E7E6FB8A1B93}.Debug|Any CPU.Build.0 = Debug|Any CPU
		{3575B2D0-EE3A-4341-8439-E7E6FB8A1B93}.Release|Any CPU.ActiveCfg = Release|Any CPU
		{3575B2D0-EE3A-4341-8439-E7E6FB8A1B93}.Release|Any CPU.Build.0 = Release|Any CPU
	EndGlobalSection
	GlobalSection(SolutionProperties) = preSolution
		HideSolutionNode = FALSE
	EndGlobalSection
	GlobalSection(ExtensibilityGlobals) = postSolution
		SolutionGuid = {ED33294F-F1EA-471F-B2D7-93EC6874F9B8}
	EndGlobalSection
EndGlobal
